
Microsoft Visual Studio Solution File, Format Version 12.00
# Visual Studio 15
VisualStudioVersion = 15.0.28010.2050
MinimumVisualStudioVersion = 10.0.40219.1
Project("{FAE04EC0-301F-11D3-BF4B-00C04F79EFBC}") = "InfinityDefectManagement", "InfinityDefectManagement\InfinityDefectManagement.csproj", "{9386811E-D152-4FBF-B4DB-66C2613F13C9}"
EndProject
Global
	GlobalSection(SolutionConfigurationPlatforms) = preSolution
		Debug|Any CPU = Debug|Any CPU
		Release|Any CPU = Release|Any CPU
	EndGlobalSection
	GlobalSection(ProjectConfigurationPlatforms) = postSolution
		{9386811E-D152-4FBF-B4DB-66C2613F13C9}.Debug|Any CPU.ActiveCfg = Debug|Any CPU
		{9386811E-D152-4FBF-B4DB-66C2613F13C9}.Debug|Any CPU.Build.0 = Debug|Any CPU
		{9386811E-D152-4FBF-B4DB-66C2613F13C9}.Release|Any CPU.ActiveCfg = Release|Any CPU
		{9386811E-D152-4FBF-B4DB-66C2613F13C9}.Release|Any CPU.Build.0 = Release|Any CPU
	EndGlobalSection
	GlobalSection(SolutionProperties) = preSolution
		HideSolutionNode = FALSE
	EndGlobalSection
	GlobalSection(ExtensibilityGlobals) = postSolution
		SolutionGuid = {9C5FFD92-D783-48EB-A4F6-7EC0DEEFFCC6}
	EndGlobalSection
EndGlobal
